Microsoft Visual Studio Solution File, Format Version 12.00
# Visual Studio Version 17
VisualStudioVersion = 17.5.2.0
MinimumVisualStudioVersion = 10.0.40219.1
Project("{FAE04EC0-301F-11D3-BF4B-00C04F79EFBC}") = "GradeCalculator", "GradeCalculator\GradeCalculator.csproj", "{DCCDD983-C00D-84B0-3628-38D7B92A6232}"
EndProject
Project("{FAE04EC0-301F-11D3-BF4B-00C04F79EFBC}") = "TicketPriceCalculator", "TicketPriceCalculator\TicketPriceCalculator.csproj", "{F8C0D2F5-EC80-8412-A4F0-837518D95321}"
EndProject
Project("{FAE04EC0-301F-11D3-BF4B-00C04F79EFBC}") = "TriangleTypeIdentifier", "TriangleTypeIdentifier\TriangleTypeIdentifier.csproj", "{94C84629-B78F-1D4F-5015-9A0E532A6F7A}"
EndProject
Global
	GlobalSection(SolutionConfigurationPlatforms) = preSolution
		Debug|Any CPU = Debug|Any CPU
		Release|Any CPU = Release|Any CPU
	EndGlobalSection
	GlobalSection(ProjectConfigurationPlatforms) = postSolution
		{DCCDD983-C00D-84B0-3628-38D7B92A6232}.Debug|Any CPU.ActiveCfg = Debug|Any CPU
		{DCCDD983-C00D-84B0-3628-38D7B92A6232}.Debug|Any CPU.Build.0 = Debug|Any CPU
		{DCCDD983-C00D-84B0-3628-38D7B92A6232}.Release|Any CPU.ActiveCfg = Release|Any CPU
		{DCCDD983-C00D-84B0-3628-38D7B92A6232}.Release|Any CPU.Build.0 = Release|Any CPU
		{F8C0D2F5-EC80-8412-A4F0-837518D95321}.Debug|Any CPU.ActiveCfg = Debug|Any CPU
		{F8C0D2F5-EC80-8412-A4F0-837518D95321}.Debug|Any CPU.Build.0 = Debug|Any CPU
		{F8C0D2F5-EC80-8412-A4F0-837518D95321}.Release|Any CPU.ActiveCfg = Release|Any CPU
		{F8C0D2F5-EC80-8412-A4F0-837518D95321}.Release|Any CPU.Build.0 = Release|Any CPU
		{94C84629-B78F-1D4F-5015-9A0E532A6F7A}.Debug|Any CPU.ActiveCfg = Debug|Any CPU
		{94C84629-B78F-1D4F-5015-9A0E532A6F7A}.Debug|Any CPU.Build.0 = Debug|Any CPU
		{94C84629-B78F-1D4F-5015-9A0E532A6F7A}.Release|Any CPU.ActiveCfg = Release|Any CPU
		{94C84629-B78F-1D4F-5015-9A0E532A6F7A}.Release|Any CPU.Build.0 = Release|Any CPU
	EndGlobalSection
	GlobalSection(SolutionProperties) = preSolution
		HideSolutionNode = FALSE
	EndGlobalSection
	GlobalSection(ExtensibilityGlobals) = postSolution
		SolutionGuid = {043F4FFC-9E79-4F78-A908-CCF2A3FF7998}
	EndGlobalSection
EndGlobal
